
Microsoft Visual Studio Solution File, Format Version 12.00
# Visual Studio Version 17
VisualStudioVersion = 17.2.32630.192
MinimumVisualStudioVersion = 10.0.40219.1
Project("{8BC9CEB8-8B4A-11D0-8D11-00A0C91BC942}") = "[1] Multiples of 3 or 5", "[1] Multiples of 3 or 5\[1] Multiples of 3 or 5.vcxproj", "{7F68637F-50F8-4A2F-84CA-44EBB08FFFAD}"
EndProject
Project("{8BC9CEB8-8B4A-11D0-8D11-00A0C91BC942}") = "[2] Even Fibonacci numbers", "[2] Even Fibonacci numbers\[2] Even Fibonacci numbers.vcxproj", "{95B1EB27-B6BB-4DD5-9BA8-4BC99E34A94B}"
EndProject
Project("{8BC9CEB8-8B4A-11D0-8D11-00A0C91BC942}") = "[3] Largest prime factor", "[3] Largest prime factor\[3] Largest prime factor.vcxproj", "{CA065BA6-858B-4B9A-B199-4470BFC4839B}"
EndProject
Project("{8BC9CEB8-8B4A-11D0-8D11-00A0C91BC942}") = "[4] Largest palindrome product", "[4] Largest palindrome product\[4] Largest palindrome product.vcxproj", "{65DC0236-FE5D-4D7C-900F-41868ADB255E}"
EndProject
Project("{8BC9CEB8-8B4A-11D0-8D11-00A0C91BC942}") = "[5] Smallest multiple", "[5] Smallest multiple\[5] Smallest multiple.vcxproj", "{2A9F2C4C-7C65-4C02-A121-89BEEB48AC2C}"
EndProject
Project("{8BC9CEB8-8B4A-11D0-8D11-00A0C91BC942}") = "[6] Sum square difference", "[6] Sum square difference\[6] Sum square difference.vcxproj", "{EA1F291B-AF18-4EBA-ACB8-C9EFF57544E4}"
EndProject
Project("{8BC9CEB8-8B4A-11D0-8D11-00A0C91BC942}") = "[7] 10001st prime", "[7] 10001st prime\[7] 10001st prime.vcxproj", "{587C72A0-FB50-41BA-BD25-ED4A6BD479C0}"
EndProject
Project("{8BC9CEB8-8B4A-11D0-8D11-00A0C91BC942}") = "[8] Largest product in a series", "[8] Largest product in a series\[8] Largest product in a series.vcxproj", "{22FF4433-39BF-47EB-B557-B9B52BFB6C09}"
EndProject
Global
	GlobalSection(SolutionConfigurationPlatforms) = preSolution
		Debug|x64 = Debug|x64
		Debug|x86 = Debug|x86
		Release|x64 = Release|x64
		Release|x86 = Release|x86
	EndGlobalSection
	GlobalSection(ProjectConfigurationPlatforms) = postSolution
		{7F68637F-50F8-4A2F-84CA-44EBB08FFFAD}.Debug|x64.ActiveCfg = Debug|x64
		{7F68637F-50F8-4A2F-84CA-44EBB08FFFAD}.Debug|x64.Build.0 = Debug|x64
		{7F68637F-50F8-4A2F-84CA-44EBB08FFFAD}.Debug|x86.ActiveCfg = Debug|Win32
		{7F68637F-50F8-4A2F-84CA-44EBB08FFFAD}.Debug|x86.Build.0 = Debug|Win32
		{7F68637F-50F8-4A2F-84CA-44EBB08FFFAD}.Release|x64.ActiveCfg = Release|x64
		{7F68637F-50F8-4A2F-84CA-44EBB08FFFAD}.Release|x64.Build.0 = Release|x64
		{7F68637F-50F8-4A2F-84CA-44EBB08FFFAD}.Release|x86.ActiveCfg = Release|Win32
		{7F68637F-50F8-4A2F-84CA-44EBB08FFFAD}.Release|x86.Build.0 = Release|Win32
		{95B1EB27-B6BB-4DD5-9BA8-4BC99E34A94B}.Debug|x64.ActiveCfg = Debug|x64
		{95B1EB27-B6BB-4DD5-9BA8-4BC99E34A94B}.Debug|x64.Build.0 = Debug|x64
		{95B1EB27-B6BB-4DD5-9BA8-4BC99E34A94B}.Debug|x86.ActiveCfg = Debug|Win32
		{95B1EB27-B6BB-4DD5-9BA8-4BC99E34A94B}.Debug|x86.Build.0 = Debug|Win32
		{95B1EB27-B6BB-4DD5-9BA8-4BC99E34A94B}.Release|x64.ActiveCfg = Release|x64
		{95B1EB27-B6BB-4DD5-9BA8-4BC99E34A94B}.Release|x64.Build.0 = Release|x64
		{95B1EB27-B6BB-4DD5-9BA8-4BC99E34A94B}.Release|x86.ActiveCfg = Release|Win32
		{95B1EB27-B6BB-4DD5-9BA8-4BC99E34A94B}.Release|x86.Build.0 = Release|Win32
		{CA065BA6-858B-4B9A-B199-4470BFC4839B}.Debug|x64.ActiveCfg = Debug|x64
		{CA065BA6-858B-4B9A-B199-4470BFC4839B}.Debug|x64.Build.0 = Debug|x64
		{CA065BA6-858B-4B9A-B199-4470BFC4839B}.Debug|x86.ActiveCfg = Debug|Win32
		{CA065BA6-858B-4B9A-B199-4470BFC4839B}.Debug|x86.Build.0 = Debug|Win32
		{CA065BA6-858B-4B9A-B199-4470BFC4839B}.Release|x64.ActiveCfg = Release|x64
		{CA065BA6-858B-4B9A-B199-4470BFC4839B}.Release|x64.Build.0 = Release|x64
		{CA065BA6-858B-4B9A-B199-4470BFC4839B}.Release|x86.ActiveCfg = Release|Win32
		{CA065BA6-858B-4B9A-B199-4470BFC4839B}.Release|x86.Build.0 = Release|Win32
		{65DC0236-FE5D-4D7C-900F-41868ADB255E}.Debug|x64.ActiveCfg = Debug|x64
		{65DC0236-FE5D-4D7C-900F-41868ADB255E}.Debug|x64.Build.0 = Debug|x64
		{65DC0236-FE5D-4D7C-900F-41868ADB255E}.Debug|x86.ActiveCfg = Debug|Win32
		{65DC0236-FE5D-4D7C-900F-41868ADB255E}.Debug|x86.Build.0 = Debug|Win32
		{65DC0236-FE5D-4D7C-900F-41868ADB255E}.Release|x64.ActiveCfg = Release|x64
		{65DC0236-FE5D-4D7C-900F-41868ADB255E}.Release|x64.Build.0 = Release|x64
		{65DC0236-FE5D-4D7C-900F-41868ADB255E}.Release|x86.ActiveCfg = Release|Win32
		{65DC0236-FE5D-4D7C-900F-41868ADB255E}.Release|x86.Build.0 = Release|Win32
		{2A9F2C4C-7C65-4C02-A121-89BEEB48AC2C}.Debug|x64.ActiveCfg = Debug|x64
		{2A9F2C4C-7C65-4C02-A121-89BEEB48AC2C}.Debug|x64.Build.0 = Debug|x64
		{2A9F2C4C-7C65-4C02-A121-89BEEB48AC2C}.Debug|x86.ActiveCfg = Debug|Win32
		{2A9F2C4C-7C65-4C02-A121-89BEEB48AC2C}.Debug|x86.Build.0 = Debug|Win32
		{2A9F2C4C-7C65-4C02-A121-89BEEB48AC2C}.Release|x64.ActiveCfg = Release|x64
		{2A9F2C4C-7C65-4C02-A121-89BEEB48AC2C}.Release|x64.Build.0 = Release|x64
		{2A9F2C4C-7C65-4C02-A121-89BEEB48AC2C}.Release|x86.ActiveCfg = Release|Win32
		{2A9F2C4C-7C65-4C02-A121-89BEEB48AC2C}.Release|x86.Build.0 = Release|Win32
		{EA1F291B-AF18-4EBA-ACB8-C9EFF57544E4}.Debug|x64.ActiveCfg = Debug|x64
		{EA1F291B-AF18-4EBA-ACB8-C9EFF57544E4}.Debug|x64.Build.0 = Debug|x64
		{EA1F291B-AF18-4EBA-ACB8-C9EFF57544E4}.Debug|x86.ActiveCfg = Debug|Win32
		{EA1F291B-AF18-4EBA-ACB8-C9EFF57544E4}.Debug|x86.Build.0 = Debug|Win32
		{EA1F291B-AF18-4EBA-ACB8-C9EFF57544E4}.Release|x64.ActiveCfg = Release|x64
		{EA1F291B-AF18-4EBA-ACB8-C9EFF57544E4}.Release|x64.Build.0 = Release|x64
		{EA1F291B-AF18-4EBA-ACB8-C9EFF57544E4}.Release|x86.ActiveCfg = Release|Win32
		{EA1F291B-AF18-4EBA-ACB8-C9EFF57544E4}.Release|x86.Build.0 = Release|Win32
		{587C72A0-FB50-41BA-BD25-ED4A6BD479C0}.Debug|x64.ActiveCfg = Debug|x64
		{587C72A0-FB50-41BA-BD25-ED4A6BD479C0}.Debug|x64.Build.0 = Debug|x64
		{587C72A0-FB50-41BA-BD25-ED4A6BD479C0}.Debug|x86.ActiveCfg = Debug|Win32
		{587C72A0-FB50-41BA-BD25-ED4A6BD479C0}.Debug|x86.Build.0 = Debug|Win32
		{587C72A0-FB50-41BA-BD25-ED4A6BD479C0}.Release|x64.ActiveCfg = Release|x64
		{587C72A0-FB50-41BA-BD25-ED4A6BD479C0}.Release|x64.Build.0 = Release|x64
		{587C72A0-FB50-41BA-BD25-ED4A6BD479C0}.Release|x86.ActiveCfg = Release|Win32
		{587C72A0-FB50-41BA-BD25-ED4A6BD479C0}.Release|x86.Build.0 = Release|Win32
		{22FF4433-39BF-47EB-B557-B9B52BFB6C09}.Debug|x64.ActiveCfg = Debug|x64
		{22FF4433-39BF-47EB-B557-B9B52BFB6C09}.Debug|x64.Build.0 = Debug|x64
		{22FF4433-39BF-47EB-B557-B9B52BFB6C09}.Debug|x86.ActiveCfg = Debug|Win32
		{22FF4433-39BF-47EB-B557-B9B52BFB6C09}.Debug|x86.Build.0 = Debug|Win32
		{22FF4433-39BF-47EB-B557-B9B52BFB6C09}.Release|x64.ActiveCfg = Release|x64
		{22FF4433-39BF-47EB-B557-B9B52BFB6C09}.Release|x64.Build.0 = Release|x64
		{22FF4433-39BF-47EB-B557-B9B52BFB6C09}.Release|x86.ActiveCfg = Release|Win32
		{22FF4433-39BF-47EB-B557-B9B52BFB6C09}.Release|x86.Build.0 = Release|Win32
	EndGlobalSection
	GlobalSection(SolutionProperties) = preSolution
		HideSolutionNode = FALSE
	EndGlobalSection
	GlobalSection(ExtensibilityGlobals) = postSolution
		SolutionGuid = {8D03A58B-28D8-4F78-B051-F7C3D993BEFC}
	EndGlobalSection
EndGlobal
